
Microsoft Visual Studio Solution File, Format Version 12.00
# Visual Studio 2012
Project("{8BC9CEB8-8B4A-11D0-8D11-00A0C91BC942}") = "CS_423_Thompson_Charles_Project_3_Client", "CS_423_Thompson_Charles_Project_3_Client\CS_423_Thompson_Charles_Project_3_Client.vcxproj", "{CB498784-508D-4472-B263-7681B537C946}"
EndProject
Global
	GlobalSection(SolutionConfigurationPlatforms) = preSolution
		Debug|Win32 = Debug|Win32
		Release|Win32 = Release|Win32
	EndGlobalSection
	GlobalSection(ProjectConfigurationPlatforms) = postSolution
		{CB498784-508D-4472-B263-7681B537C946}.Debug|Win32.ActiveCfg = Debug|Win32
		{CB498784-508D-4472-B263-7681B537C946}.Debug|Win32.Build.0 = Debug|Win32
		{CB498784-508D-4472-B263-7681B537C946}.Release|Win32.ActiveCfg = Release|Win32
		{CB498784-508D-4472-B263-7681B537C946}.Release|Win32.Build.0 = Release|Win32
	EndGlobalSection
	GlobalSection(SolutionProperties) = preSolution
		HideSolutionNode = FALSE
	EndGlobalSection
EndGlobal
